// !$*UTF8*$!
{
	archiveVersion = 1;
	classes = {
	};
	objectVersion = 46;
	objects = {

/* Begin PBXBuildFile section */
		D5FE31501BCB636500129E9D /* AppDelegate.swift in Sources */ = {isa = PBXBuildFile; fileRef = D5FE314F1BCB636500129E9D /* AppDelegate.swift */; };
		D5FE31521BCB636500129E9D /* ViewController.swift in Sources */ = {isa = PBXBuildFile; fileRef = D5FE31511BCB636500129E9D /* ViewController.swift */; };
		D5FE31551BCB636500129E9D /* Main.storyboard in Resources */ = {isa = PBXBuildFile; fileRef = D5FE31531BCB636500129E9D /* Main.storyboard */; };
		D5FE31571BCB636500129E9D /* Assets.xcassets in Resources */ = {isa = PBXBuildFile; fileRef = D5FE31561BCB636500129E9D /* Assets.xcassets */; };
		D5FE315A1BCB636500129E9D /* LaunchScreen.storyboard in Resources */ = {isa = PBXBuildFile; fileRef = D5FE31581BCB636500129E9D /* LaunchScreen.storyboard */; };
		D5FE31651BCB636500129E9D /* UIColorTests.swift in Sources */ = {isa = PBXBuildFile; fileRef = D5FE31641BCB636500129E9D /* UIColorTests.swift */; };
/* End PBXBuildFile section */

/* Begin PBXContainerItemProxy section */
		D5FE31611BCB636500129E9D /* PBXContainerItemProxy */ = {
			isa = PBXContainerItemProxy;
			containerPortal = D5FE31441BCB636500129E9D /* Project object */;
			proxyType = 1;
			remoteGlobalIDString = D5FE314B1BCB636500129E9D;
			remoteInfo = UIColor;
		};
/* End PBXContainerItemProxy section */

/* Begin PBXFileReference section */
		D5FE314C1BCB636500129E9D /* UIColor.app */ = {isa = PBXFileReference; explicitFileType = wrapper.application; includeInIndex = 0; path = UIColor.app; sourceTree = BUILT_PRODUCTS_DIR; };
		D5FE314F1BCB636500129E9D /* AppDelegate.swift */ = {isa = PBXFileReference; lastKnownFileType = sourcecode.swift; path = AppDelegate.swift; sourceTree = "<group>"; };
		D5FE31511BCB636500129E9D /* ViewController.swift */ = {isa = PBXFileReference; lastKnownFileType = sourcecode.swift; path = ViewController.swift; sourceTree = "<group>"; };
		D5FE31541BCB636500129E9D /* Base */ = {isa = PBXFileReference; lastKnownFileType = file.storyboard; name = Base; path = Base.lproj/Main.storyboard; sourceTree = "<group>"; };
		D5FE31561BCB636500129E9D /* Assets.xcassets */ = {isa = PBXFileReference; lastKnownFileType = folder.assetcatalog; path = Assets.xcassets; sourceTree = "<group>"; };
		D5FE31591BCB636500129E9D /* Base */ = {isa = PBXFileReference; lastKnownFileType = file.storyboard; name = Base; path = Base.lproj/LaunchScreen.storyboard; sourceTree = "<group>"; };
		D5FE315B1BCB636500129E9D /* Info.plist */ = {isa = PBXFileReference; lastKnownFileType = text.plist.xml; path = Info.plist; sourceTree = "<group>"; };
		D5FE31601BCB636500129E9D /* UIColorTests.xctest */ = {isa = PBXFileReference; explicitFileType = wrapper.cfbundle; includeInIndex = 0; path = UIColorTests.xctest; sourceTree = BUILT_PRODUCTS_DIR; };
		D5FE31641BCB636500129E9D /* UIColorTests.swift */ = {isa = PBXFileReference; lastKnownFileType = sourcecode.swift; path = UIColorTests.swift; sourceTree = "<group>"; };
		D5FE31661BCB636500129E9D /* Info.plist */ = {isa = PBXFileReference; lastKnownFileType = text.plist.xml; path = Info.plist; sourceTree = "<group>"; };
/* End PBXFileReference section */

/* Begin PBXFrameworksBuildPhase section */
		D5FE31491BCB636500129E9D /* Frameworks */ = {
			isa = PBXFrameworksBuildPhase;
			buildActionMask = 2147483647;
			files = (
			);
			runOnlyForDeploymentPostprocessing = 0;
		};
		D5FE315D1BCB636500129E9D /* Frameworks */ = {
			isa = PBXFrameworksBuildPhase;
			buildActionMask = 2147483647;
			files = (
			);
			runOnlyForDeploymentPostprocessing = 0;
		};
/* End PBXFrameworksBuildPhase section */

/* Begin PBXGroup section */
		D5FE31431BCB636500129E9D = {
			isa = PBXGroup;
			children = (
				D5FE314E1BCB636500129E9D /* UIColor */,
				D5FE31631BCB636500129E9D /* UIColorTests */,
				D5FE314D1BCB636500129E9D /* Products */,
			);
			sourceTree = "<group>";
		};
		D5FE314D1BCB636500129E9D /* Products */ = {
			isa = PBXGroup;
			children = (
				D5FE314C1BCB636500129E9D /* UIColor.app */,
				D5FE31601BCB636500129E9D /* UIColorTests.xctest */,
			);
			name = Products;
			sourceTree = "<group>";
		};
		D5FE314E1BCB636500129E9D /* UIColor */ = {
			isa = PBXGroup;
			children = (
				D5FE314F1BCB636500129E9D /* AppDelegate.swift */,
				D5FE31511BCB636500129E9D /* ViewController.swift */,
				D5FE31531BCB636500129E9D /* Main.storyboard */,
				D5FE31561BCB636500129E9D /* Assets.xcassets */,
				D5FE31581BCB636500129E9D /* LaunchScreen.storyboard */,
				D5FE315B1BCB636500129E9D /* Info.plist */,
			);
			path = UIColor;
			sourceTree = "<group>";
		};
		D5FE31631BCB636500129E9D /* UIColorTests */ = {
			isa = PBXGroup;
			children = (
				D5FE31641BCB636500129E9D /* UIColorTests.swift */,
				D5FE31661BCB636500129E9D /* Info.plist */,
			);
			path = UIColorTests;
			sourceTree = "<group>";
		};
/* End PBXGroup section */

/* Begin PBXNativeTarget section */
		D5FE314B1BCB636500129E9D /* UIColor */ = {
			isa = PBXNativeTarget;
			buildConfigurationList = D5FE31691BCB636500129E9D /* Build configuration list for PBXNativeTarget "UIColor" */;
			buildPhases = (
				D5FE31481BCB636500129E9D /* Sources */,
				D5FE31491BCB636500129E9D /* Frameworks */,
				D5FE314A1BCB636500129E9D /* Resources */,
			);
			buildRules = (
			);
			dependencies = (
			);
			name = UIColor;
			productName = UIColor;
			productReference = D5FE314C1BCB636500129E9D /* UIColor.app */;
			productType = "com.apple.product-type.application";
		};
		D5FE315F1BCB636500129E9D /* UIColorTests */ = {
			isa = PBXNativeTarget;
			buildConfigurationList = D5FE316C1BCB636500129E9D /* Build configuration list for PBXNativeTarget "UIColorTests" */;
			buildPhases = (
				D5FE315C1BCB636500129E9D /* Sources */,
				D5FE315D1BCB636500129E9D /* Frameworks */,
				D5FE315E1BCB636500129E9D /* Resources */,
			);
			buildRules = (
			);
			dependencies = (
				D5FE31621BCB636500129E9D /* PBXTargetDependency */,
			);
			name = UIColorTests;
			productName = UIColorTests;
			productReference = D5FE31601BCB636500129E9D /* UIColorTests.xctest */;
			productType = "com.apple.product-type.bundle.unit-test";
		};
/* End PBXNativeTarget section */

/* Begin PBXProject section */
		D5FE31441BCB636500129E9D /* Project object */ = {
			isa = PBXProject;
			attributes = {
				LastUpgradeCheck = 0710;
				ORGANIZATIONNAME = "Angela Don";
				TargetAttributes = {
					D5FE314B1BCB636500129E9D = {
						CreatedOnToolsVersion = 7.1;
					};
					D5FE315F1BCB636500129E9D = {
						CreatedOnToolsVersion = 7.1;
						TestTargetID = D5FE314B1BCB636500129E9D;
					};
				};
			};
			buildConfigurationList = D5FE31471BCB636500129E9D /* Build configuration list for PBXProject "UIColor" */;
			compatibilityVersion = "Xcode 3.2";
			developmentRegion = English;
			hasScannedForEncodings = 0;
			knownRegions = (
				en,
				Base,
			);
			mainGroup = D5FE31431BCB636500129E9D;
			productRefGroup = D5FE314D1BCB636500129E9D /* Products */;
			projectDirPath = "";
			projectRoot = "";
			targets = (
				D5FE314B1BCB636500129E9D /* UIColor */,
				D5FE315F1BCB636500129E9D /* UIColorTests */,
			);
		};
/* End PBXProject section */

/* Begin PBXResourcesBuildPhase section */
		D5FE314A1BCB636500129E9D /* Resources */ = {
			isa = PBXResourcesBuildPhase;
			buildActionMask = 2147483647;
			files = (
				D5FE315A1BCB636500129E9D /* LaunchScreen.storyboard in Resources */,
				D5FE31571BCB636500129E9D /* Assets.xcassets in Resources */,
				D5FE31551BCB636500129E9D /* Main.storyboard in Resources */,
			);
			runOnlyForDeploymentPostprocessing = 0;
		};
		D5FE315E1BCB636500129E9D /* Resources */ = {
			isa = PBXResourcesBuildPhase;
			buildActionMask = 2147483647;
			files = (
			);
			runOnlyForDeploymentPostprocessing = 0;
		};
/* End PBXResourcesBuildPhase section */

/* Begin PBXSourcesBuildPhase section */
		D5FE31481BCB636500129E9D /* Sources */ = {
			isa = PBXSourcesBuildPhase;
			buildActionMask = 2147483647;
			files = (
				D5FE31521BCB636500129E9D /* ViewController.swift in Sources */,
				D5FE31501BCB636500129E9D /* AppDelegate.swift in Sources */,
			);
			runOnlyForDeploymentPostprocessing = 0;
		};
		D5FE315C1BCB636500129E9D /* Sources */ = {
			isa = PBXSourcesBuildPhase;
			buildActionMask = 2147483647;
			files = (
				D5FE31651BCB636500129E9D /* UIColorTests.swift in Sources */,
			);
			runOnlyForDeploymentPostprocessing = 0;
		};
/* End PBXSourcesBuildPhase section */

/* Begin PBXTargetDependency section */
		D5FE31621BCB636500129E9D /* PBXTargetDependency */ = {
			isa = PBXTargetDependency;
			target = D5FE314B1BCB636500129E9D /* UIColor */;
			targetProxy = D5FE31611BCB636500129E9D /* PBXContainerItemProxy */;
		};
/* End PBXTargetDependency section */

/* Begin PBXVariantGroup section */
		D5FE31531BCB636500129E9D /* Main.storyboard */ = {
			isa = PBXVariantGroup;
			children = (
				D5FE31541BCB636500129E9D /* Base */,
			);
			name = Main.storyboard;
			sourceTree = "<group>";
		};
		D5FE31581BCB636500129E9D /* LaunchScreen.storyboard */ = {
			isa = PBXVariantGroup;
			children = (
				D5FE31591BCB636500129E9D /* Base */,
			);
			name = LaunchScreen.storyboard;
			sourceTree = "<group>";
		};
/* End PBXVariantGroup section */

/* Begin XCBuildConfiguration section */
		D5FE31671BCB636500129E9D /* Debug */ = {
			isa = XCBuildConfiguration;
			buildSettings = {
				ALWAYS_SEARCH_USER_PATHS = NO;
				CLANG_CXX_LANGUAGE_STANDARD = "gnu++0x";
				CLANG_CXX_LIBRARY = "libc++";
				CLANG_ENABLE_MODULES = YES;
				CLANG_ENABLE_OBJC_ARC = YES;
				CLANG_WARN_BOOL_CONVERSION = YES;
				CLANG_WARN_CONSTANT_CONVERSION = YES;
				CLANG_WARN_DIRECT_OBJC_ISA_USAGE = YES_ERROR;
				CLANG_WARN_EMPTY_BODY = YES;
				CLANG_WARN_ENUM_CONVERSION = YES;
				CLANG_WARN_INT_CONVERSION = YES;
				CLANG_WARN_OBJC_ROOT_CLASS = YES_ERROR;
				CLANG_WARN_UNREACHABLE_CODE = YES;
				CLANG_WARN__DUPLICATE_METHOD_MATCH = YES;
				"CODE_SIGN_IDENTITY[sdk=iphoneos*]" = "iPhone Developer";
				COPY_PHASE_STRIP = NO;
				DEBUG_INFORMATION_FORMAT = dwarf;
				ENABLE_STRICT_OBJC_MSGSEND = YES;
				ENABLE_TESTABILITY = YES;
				GCC_C_LANGUAGE_STANDARD = gnu99;
				GCC_DYNAMIC_NO_PIC = NO;
				GCC_NO_COMMON_BLOCKS = YES;
				GCC_OPTIMIZATION_LEVEL = 0;
				GCC_PREPROCESSOR_DEFINITIONS = (
					"DEBUG=1",
					"$(inherited)",
				);
				GCC_WARN_64_TO_32_BIT_CONVERSION = YES;
				GCC_WARN_ABOUT_RETURN_TYPE = YES_ERROR;
				GCC_WARN_UNDECLARED_SELECTOR = YES;
				GCC_WARN_UNINITIALIZED_AUTOS = YES_AGGRESSIVE;
				GCC_WARN_UNUSED_FUNCTION = YES;
				GCC_WARN_UNUSED_VARIABLE = YES;
				IPHONEOS_DEPLOYMENT_TARGET = 9.1;
				MTL_ENABLE_DEBUG_INFO = YES;
				ONLY_ACTIVE_ARCH = YES;
				SDKROOT = iphoneos;
				SWIFT_OPTIMIZATION_LEVEL = "-Onone";
				TARGETED_DEVICE_FAMILY = "1,2";
			};
			name = Debug;
		};
		D5FE31681BCB636500129E9D /* Release */ = {
			isa = XCBuildConfiguration;
			buildSettings = {
				ALWAYS_SEARCH_USER_PATHS = NO;
				CLANG_CXX_LANGUAGE_STANDARD = "gnu++0x";
				CLANG_CXX_LIBRARY = "libc++";
				CLANG_ENABLE_MODULES = YES;
				CLANG_ENABLE_OBJC_ARC = YES;
				CLANG_WARN_BOOL_CONVERSION = YES;
				CLANG_WARN_CONSTANT_CONVERSION = YES;
				CLANG_WARN_DIRECT_OBJC_ISA_USAGE = YES_ERROR;
				CLANG_WARN_EMPTY_BODY = YES;
				CLANG_WARN_ENUM_CONVERSION = YES;
				CLANG_WARN_INT_CONVERSION = YES;
				CLANG_WARN_OBJC_ROOT_CLASS = YES_ERROR;
				CLANG_WARN_UNREACHABLE_CODE = YES;
				CLANG_WARN__DUPLICATE_METHOD_MATCH = YES;
				"CODE_SIGN_IDENTITY[sdk=iphoneos*]" = "iPhone Developer";
				COPY_PHASE_STRIP = NO;
				DEBUG_INFORMATION_FORMAT = "dwarf-with-dsym";
				ENABLE_NS_ASSERTIONS = NO;
				ENABLE_STRICT_OBJC_MSGSEND = YES;
				GCC_C_LANGUAGE_STANDARD = gnu99;
				GCC_NO_COMMON_BLOCKS = YES;
				GCC_WARN_64_TO_32_BIT_CONVERSION = YES;
				GCC_WARN_ABOUT_RETURN_TYPE = YES_ERROR;
				GCC_WARN_UNDECLARED_SELECTOR = YES;
				GCC_WARN_UNINITIALIZED_AUTOS = YES_AGGRESSIVE;
				GCC_WARN_UNUSED_FUNCTION = YES;
				GCC_WARN_UNUSED_VARIABLE = YES;
				IPHONEOS_DEPLOYMENT_TARGET = 9.1;
				MTL_ENABLE_DEBUG_INFO = NO;
				SDKROOT = iphoneos;
				TARGETED_DEVICE_FAMILY = "1,2";
				VALIDATE_PRODUCT = YES;
			};
			name = Release;
		};
		D5FE316A1BCB636500129E9D /* Debug */ = {
			isa = XCBuildConfiguration;
			buildSettings = {
				ASSETCATALOG_COMPILER_APPICON_NAME = AppIcon;
				INFOPLIST_FILE = UIColor/Info.plist;
				LD_RUNPATH_SEARCH_PATHS = "$(inherited) @executable_path/Frameworks";
				PRODUCT_BUNDLE_IDENTIFIER = io.angeladon.UIColor;
				PRODUCT_NAME = "$(TARGET_NAME)";
			};
			name = Debug;
		};
		D5FE316B1BCB636500129E9D /* Release */ = {
			isa = XCBuildConfiguration;
			buildSettings = {
				ASSETCATALOG_COMPILER_APPICON_NAME = AppIcon;
				INFOPLIST_FILE = UIColor/Info.plist;
				LD_RUNPATH_SEARCH_PATHS = "$(inherited) @executable_path/Frameworks";
				PRODUCT_BUNDLE_IDENTIFIER = io.angeladon.UIColor;
				PRODUCT_NAME = "$(TARGET_NAME)";
			};
			name = Release;
		};
		D5FE316D1BCB636500129E9D /* Debug */ = {
			isa = XCBuildConfiguration;
			buildSettings = {
				BUNDLE_LOADER = "$(TEST_HOST)";
				INFOPLIST_FILE = UIColorTests/Info.plist;
				LD_RUNPATH_SEARCH_PATHS = "$(inherited) @executable_path/Frameworks @loader_path/Frameworks";
				PRODUCT_BUNDLE_IDENTIFIER = io.angeladon.UIColorTests;
				PRODUCT_NAME = "$(TARGET_NAME)";
				TEST_HOST = "$(BUILT_PRODUCTS_DIR)/UIColor.app/UIColor";
			};
			name = Debug;
		};
		D5FE316E1BCB636500129E9D /* Release */ = {
			isa = XCBuildConfiguration;
			buildSettings = {
				BUNDLE_LOADER = "$(TEST_HOST)";
				INFOPLIST_FILE = UIColorTests/Info.plist;
				LD_RUNPATH_SEARCH_PATHS = "$(inherited) @executable_path/Frameworks @loader_path/Frameworks";
				PRODUCT_BUNDLE_IDENTIFIER = io.angeladon.UIColorTests;
				PRODUCT_NAME = "$(TARGET_NAME)";
				TEST_HOST = "$(BUILT_PRODUCTS_DIR)/UIColor.app/UIColor";
			};
			name = Release;
		};
/* End XCBuildConfiguration section */

/* Begin XCConfigurationList section */
		D5FE31471BCB636500129E9D /* Build configuration list for PBXProject "UIColor" */ = {
			isa = XCConfigurationList;
			buildConfigurations = (
				D5FE31671BCB636500129E9D /* Debug */,
				D5FE31681BCB636500129E9D /* Release */,
			);
			defaultConfigurationIsVisible = 0;
			defaultConfigurationName = Release;
		};
		D5FE31691BCB636500129E9D /* Build configuration list for PBXNativeTarget "UIColor" */ = {
			isa = XCConfigurationList;
			buildConfigurations = (
				D5FE316A1BCB636500129E9D /* Debug */,
				D5FE316B1BCB636500129E9D /* Release */,
			);
			defaultConfigurationIsVisible = 0;
		};
		D5FE316C1BCB636500129E9D /* Build configuration list for PBXNativeTarget "UIColorTests" */ = {
			isa = XCConfigurationList;
			buildConfigurations = (
				D5FE316D1BCB636500129E9D /* Debug */,
				D5FE316E1BCB636500129E9D /* Release */,
			);
			defaultConfigurationIsVisible = 0;
		};
/* End XCConfigurationList section */
	};
	rootObject = D5FE31441BCB636500129E9D /* Project object */;
}
